
Microsoft Visual Studio Solution File, Format Version 12.00
# Visual Studio Version 17
VisualStudioVersion = 17.14.36518.9
MinimumVisualStudioVersion = 10.0.40219.1
Project("{FAE04EC0-301F-11D3-BF4B-00C04F79EFBC}") = "EventApi", "EventApi\EventApi.csproj", "{CA941738-866A-4151-95E1-9A72916779FB}"
EndProject
Project("{FAE04EC0-301F-11D3-BF4B-00C04F79EFBC}") = "EventApi.UnitTests", "EventApi.UnitTests\EventApi.UnitTests.csproj", "{33F0BC37-3234-4E56-91BD-437D0876045F}"
EndProject
Global
	GlobalSection(SolutionConfigurationPlatforms) = preSolution
		Debug|Any CPU = Debug|Any CPU
		Release|Any CPU = Release|Any CPU
	EndGlobalSection
	GlobalSection(ProjectConfigurationPlatforms) = postSolution
		{CA941738-866A-4151-95E1-9A72916779FB}.Debug|Any CPU.ActiveCfg = Debug|Any CPU
		{CA941738-866A-4151-95E1-9A72916779FB}.Debug|Any CPU.Build.0 = Debug|Any CPU
		{CA941738-866A-4151-95E1-9A72916779FB}.Release|Any CPU.ActiveCfg = Release|Any CPU
		{CA941738-866A-4151-95E1-9A72916779FB}.Release|Any CPU.Build.0 = Release|Any CPU
		{33F0BC37-3234-4E56-91BD-437D0876045F}.Debug|Any CPU.ActiveCfg = Debug|Any CPU
		{33F0BC37-3234-4E56-91BD-437D0876045F}.Debug|Any CPU.Build.0 = Debug|Any CPU
		{33F0BC37-3234-4E56-91BD-437D0876045F}.Release|Any CPU.ActiveCfg = Release|Any CPU
		{33F0BC37-3234-4E56-91BD-437D0876045F}.Release|Any CPU.Build.0 = Release|Any CPU
	EndGlobalSection
	GlobalSection(SolutionProperties) = preSolution
		HideSolutionNode = FALSE
	EndGlobalSection
	GlobalSection(ExtensibilityGlobals) = postSolution
		SolutionGuid = {C9C48E4E-B97C-481B-A360-4302C7EDC7A4}
	EndGlobalSection
EndGlobal
